
Microsoft Visual Studio Solution File, Format Version 12.00
# Visual Studio Version 17
VisualStudioVersion = 17.8.34322.80
MinimumVisualStudioVersion = 10.0.40219.1
Project("{9A19103F-16F7-4668-BE54-9A1E7A4F7556}") = "Chat_SignalR_BlazorWASM", "Chat_SignalR_BlazorWASM\Chat_SignalR_BlazorWASM\Chat_SignalR_BlazorWASM.csproj", "{8793F1E0-7876-4300-9DE2-FAEF6CD713F9}"
EndProject
Project("{9A19103F-16F7-4668-BE54-9A1E7A4F7556}") = "Chat_SignalR_BlazorWASM.Client", "Chat_SignalR_BlazorWASM\Chat_SignalR_BlazorWASM.Client\Chat_SignalR_BlazorWASM.Client.csproj", "{A6E17D4E-A45E-459C-B098-A135C965EFA4}"
EndProject
Global
	GlobalSection(SolutionConfigurationPlatforms) = preSolution
		Debug|Any CPU = Debug|Any CPU
		Release|Any CPU = Release|Any CPU
	EndGlobalSection
	GlobalSection(ProjectConfigurationPlatforms) = postSolution
		{8793F1E0-7876-4300-9DE2-FAEF6CD713F9}.Debug|Any CPU.ActiveCfg = Debug|Any CPU
		{8793F1E0-7876-4300-9DE2-FAEF6CD713F9}.Debug|Any CPU.Build.0 = Debug|Any CPU
		{8793F1E0-7876-4300-9DE2-FAEF6CD713F9}.Release|Any CPU.ActiveCfg = Release|Any CPU
		{8793F1E0-7876-4300-9DE2-FAEF6CD713F9}.Release|Any CPU.Build.0 = Release|Any CPU
		{A6E17D4E-A45E-459C-B098-A135C965EFA4}.Debug|Any CPU.ActiveCfg = Debug|Any CPU
		{A6E17D4E-A45E-459C-B098-A135C965EFA4}.Debug|Any CPU.Build.0 = Debug|Any CPU
		{A6E17D4E-A45E-459C-B098-A135C965EFA4}.Release|Any CPU.ActiveCfg = Release|Any CPU
		{A6E17D4E-A45E-459C-B098-A135C965EFA4}.Release|Any CPU.Build.0 = Release|Any CPU
	EndGlobalSection
	GlobalSection(SolutionProperties) = preSolution
		HideSolutionNode = FALSE
	EndGlobalSection
	GlobalSection(ExtensibilityGlobals) = postSolution
		SolutionGuid = {CC6337B1-C6D0-494B-9B6F-7D1E7C6DFCDA}
	EndGlobalSection
EndGlobal
